
Microsoft Visual Studio Solution File, Format Version 12.00
# Visual Studio 15
VisualStudioVersion = 15.0.27130.2024
MinimumVisualStudioVersion = 10.0.40219.1
Project("{2150E333-8FDC-42A3-9474-1A3956D46DE8}") = "0-Application", "0-Application", "{0D0EBEF1-55E7-4F0A-A4A8-5D5A6C5F1E3F}"
EndProject
Project("{2150E333-8FDC-42A3-9474-1A3956D46DE8}") = "1-Service", "1-Service", "{74A3AF2D-AEFF-4D57-9830-4CB74D723F3A}"
EndProject
Project("{2150E333-8FDC-42A3-9474-1A3956D46DE8}") = "2-Domain", "2-Domain", "{3597591F-A169-41E4-A4D6-E4A19D71B002}"
EndProject
Project("{2150E333-8FDC-42A3-9474-1A3956D46DE8}") = "3-Infra", "3-Infra", "{B46898EC-6B6E-44D6-8D7D-0883140FFAC6}"
EndProject
Project("{2150E333-8FDC-42A3-9474-1A3956D46DE8}") = "3.1-Data", "3.1-Data", "{CA4FEEA3-8EB6-47AF-87A3-28F80B14D69D}"
EndProject
Project("{2150E333-8FDC-42A3-9474-1A3956D46DE8}") = "3.2-CrossCutting", "3.2-CrossCutting", "{00A8A619-B498-4FB4-AE32-BB87651EE676}"
EndProject
Project("{9A19103F-16F7-4668-BE54-9A1E7A4F7556}") = "SA.Domain", "SA.Domain\SA.Domain.csproj", "{A4731350-2E06-4F7D-9BDC-41AA3E46D4AB}"
EndProject
Project("{9A19103F-16F7-4668-BE54-9A1E7A4F7556}") = "SA.Infra.Data", "SA.Infra.Data\SA.Infra.Data.csproj", "{F053D271-4DE1-45BB-BC73-98DD2056E417}"
EndProject
Project("{9A19103F-16F7-4668-BE54-9A1E7A4F7556}") = "SA.Service", "SA.Service\SA.Service.csproj", "{1EA7A385-4862-4689-AAD5-D1062854D892}"
EndProject
Project("{9A19103F-16F7-4668-BE54-9A1E7A4F7556}") = "SA.Infra.CrossCutting.IoC", "SA.Infra.CrossCutting.IoC\SA.Infra.CrossCutting.IoC.csproj", "{CF850B7F-887A-42B6-A4C3-A49FBE879FCC}"
EndProject
Project("{9A19103F-16F7-4668-BE54-9A1E7A4F7556}") = "SA.Application.Mvc", "SA.Application.Mvc\SA.Application.Mvc.csproj", "{9E89D0F5-1E1A-4D5B-AD3F-3847E31F4063}"
EndProject
Global
	GlobalSection(SolutionConfigurationPlatforms) = preSolution
		Debug|Any CPU = Debug|Any CPU
		Release|Any CPU = Release|Any CPU
	EndGlobalSection
	GlobalSection(ProjectConfigurationPlatforms) = postSolution
		{A4731350-2E06-4F7D-9BDC-41AA3E46D4AB}.Debug|Any CPU.ActiveCfg = Debug|Any CPU
		{A4731350-2E06-4F7D-9BDC-41AA3E46D4AB}.Debug|Any CPU.Build.0 = Debug|Any CPU
		{A4731350-2E06-4F7D-9BDC-41AA3E46D4AB}.Release|Any CPU.ActiveCfg = Release|Any CPU
		{A4731350-2E06-4F7D-9BDC-41AA3E46D4AB}.Release|Any CPU.Build.0 = Release|Any CPU
		{F053D271-4DE1-45BB-BC73-98DD2056E417}.Debug|Any CPU.ActiveCfg = Debug|Any CPU
		{F053D271-4DE1-45BB-BC73-98DD2056E417}.Debug|Any CPU.Build.0 = Debug|Any CPU
		{F053D271-4DE1-45BB-BC73-98DD2056E417}.Release|Any CPU.ActiveCfg = Release|Any CPU
		{F053D271-4DE1-45BB-BC73-98DD2056E417}.Release|Any CPU.Build.0 = Release|Any CPU
		{1EA7A385-4862-4689-AAD5-D1062854D892}.Debug|Any CPU.ActiveCfg = Debug|Any CPU
		{1EA7A385-4862-4689-AAD5-D1062854D892}.Debug|Any CPU.Build.0 = Debug|Any CPU
		{1EA7A385-4862-4689-AAD5-D1062854D892}.Release|Any CPU.ActiveCfg = Release|Any CPU
		{1EA7A385-4862-4689-AAD5-D1062854D892}.Release|Any CPU.Build.0 = Release|Any CPU
		{CF850B7F-887A-42B6-A4C3-A49FBE879FCC}.Debug|Any CPU.ActiveCfg = Debug|Any CPU
		{CF850B7F-887A-42B6-A4C3-A49FBE879FCC}.Debug|Any CPU.Build.0 = Debug|Any CPU
		{CF850B7F-887A-42B6-A4C3-A49FBE879FCC}.Release|Any CPU.ActiveCfg = Release|Any CPU
		{CF850B7F-887A-42B6-A4C3-A49FBE879FCC}.Release|Any CPU.Build.0 = Release|Any CPU
		{9E89D0F5-1E1A-4D5B-AD3F-3847E31F4063}.Debug|Any CPU.ActiveCfg = Debug|Any CPU
		{9E89D0F5-1E1A-4D5B-AD3F-3847E31F4063}.Debug|Any CPU.Build.0 = Debug|Any CPU
		{9E89D0F5-1E1A-4D5B-AD3F-3847E31F4063}.Release|Any CPU.ActiveCfg = Release|Any CPU
		{9E89D0F5-1E1A-4D5B-AD3F-3847E31F4063}.Release|Any CPU.Build.0 = Release|Any CPU
	EndGlobalSection
	GlobalSection(SolutionProperties) = preSolution
		HideSolutionNode = FALSE
	EndGlobalSection
	GlobalSection(NestedProjects) = preSolution
		{CA4FEEA3-8EB6-47AF-87A3-28F80B14D69D} = {B46898EC-6B6E-44D6-8D7D-0883140FFAC6}
		{00A8A619-B498-4FB4-AE32-BB87651EE676} = {B46898EC-6B6E-44D6-8D7D-0883140FFAC6}
		{A4731350-2E06-4F7D-9BDC-41AA3E46D4AB} = {3597591F-A169-41E4-A4D6-E4A19D71B002}
		{F053D271-4DE1-45BB-BC73-98DD2056E417} = {CA4FEEA3-8EB6-47AF-87A3-28F80B14D69D}
		{1EA7A385-4862-4689-AAD5-D1062854D892} = {74A3AF2D-AEFF-4D57-9830-4CB74D723F3A}
		{CF850B7F-887A-42B6-A4C3-A49FBE879FCC} = {00A8A619-B498-4FB4-AE32-BB87651EE676}
		{9E89D0F5-1E1A-4D5B-AD3F-3847E31F4063} = {0D0EBEF1-55E7-4F0A-A4A8-5D5A6C5F1E3F}
	EndGlobalSection
	GlobalSection(ExtensibilityGlobals) = postSolution
		SolutionGuid = {121C3629-901A-4532-9E18-A70B254CE766}
	EndGlobalSection
EndGlobal
